
Microsoft Visual Studio Solution File, Format Version 12.00
# Visual Studio 2013
VisualStudioVersion = 12.0.21005.1
MinimumVisualStudioVersion = 10.0.40219.1
Project("{8BC9CEB8-8B4A-11D0-8D11-00A0C91BC942}") = "test o1", "test o1\test o1.vcxproj", "{D0E261E2-B002-4750-85E7-225B1676E0EE}"
EndProject
Project("{8BC9CEB8-8B4A-11D0-8D11-00A0C91BC942}") = "test o2", "test o2\test o2.vcxproj", "{42E24749-7F33-400A-8ECE-55E01FEADF0E}"
EndProject
Global
	GlobalSection(SolutionConfigurationPlatforms) = preSolution
		Debug|Win32 = Debug|Win32
		Release|Win32 = Release|Win32
	EndGlobalSection
	GlobalSection(ProjectConfigurationPlatforms) = postSolution
		{D0E261E2-B002-4750-85E7-225B1676E0EE}.Debug|Win32.ActiveCfg = Debug|Win32
		{D0E261E2-B002-4750-85E7-225B1676E0EE}.Debug|Win32.Build.0 = Debug|Win32
		{D0E261E2-B002-4750-85E7-225B1676E0EE}.Release|Win32.ActiveCfg = Release|Win32
		{D0E261E2-B002-4750-85E7-225B1676E0EE}.Release|Win32.Build.0 = Release|Win32
		{42E24749-7F33-400A-8ECE-55E01FEADF0E}.Debug|Win32.ActiveCfg = Debug|Win32
		{42E24749-7F33-400A-8ECE-55E01FEADF0E}.Debug|Win32.Build.0 = Debug|Win32
		{42E24749-7F33-400A-8ECE-55E01FEADF0E}.Release|Win32.ActiveCfg = Release|Win32
		{42E24749-7F33-400A-8ECE-55E01FEADF0E}.Release|Win32.Build.0 = Release|Win32
	EndGlobalSection
	GlobalSection(SolutionProperties) = preSolution
		HideSolutionNode = FALSE
	EndGlobalSection
EndGlobal
