
Microsoft Visual Studio Solution File, Format Version 12.00
# Visual Studio 15
VisualStudioVersion = 15.0.28307.779
MinimumVisualStudioVersion = 10.0.40219.1
Project("{8BC9CEB8-8B4A-11D0-8D11-00A0C91BC942}") = "HotelManage", "HotelManage\HotelManage.vcxproj", "{A3175039-5DD6-45BC-A94B-09CDAC16CF0A}"
EndProject
Global
	GlobalSection(SolutionConfigurationPlatforms) = preSolution
		Debug|x64 = Debug|x64
		Debug|x86 = Debug|x86
		Release|x64 = Release|x64
		Release|x86 = Release|x86
	EndGlobalSection
	GlobalSection(ProjectConfigurationPlatforms) = postSolution
		{A3175039-5DD6-45BC-A94B-09CDAC16CF0A}.Debug|x64.ActiveCfg = Debug|x64
		{A3175039-5DD6-45BC-A94B-09CDAC16CF0A}.Debug|x64.Build.0 = Debug|x64
		{A3175039-5DD6-45BC-A94B-09CDAC16CF0A}.Debug|x86.ActiveCfg = Debug|Win32
		{A3175039-5DD6-45BC-A94B-09CDAC16CF0A}.Debug|x86.Build.0 = Debug|Win32
		{A3175039-5DD6-45BC-A94B-09CDAC16CF0A}.Release|x64.ActiveCfg = Release|x64
		{A3175039-5DD6-45BC-A94B-09CDAC16CF0A}.Release|x64.Build.0 = Release|x64
		{A3175039-5DD6-45BC-A94B-09CDAC16CF0A}.Release|x86.ActiveCfg = Release|Win32
		{A3175039-5DD6-45BC-A94B-09CDAC16CF0A}.Release|x86.Build.0 = Release|Win32
	EndGlobalSection
	GlobalSection(SolutionProperties) = preSolution
		HideSolutionNode = FALSE
	EndGlobalSection
	GlobalSection(ExtensibilityGlobals) = postSolution
		SolutionGuid = {F2087E3A-57A3-4A24-BA3E-68272A11F978}
	EndGlobalSection
EndGlobal
